
Microsoft Visual Studio Solution File, Format Version 12.00
# Visual Studio Version 17
VisualStudioVersion = 17.7.34003.232
MinimumVisualStudioVersion = 10.0.40219.1
Project("{FAE04EC0-301F-11D3-BF4B-00C04F79EFBC}") = "ProdutoExercicio04", "ProdutoExercicio04\ProdutoExercicio04.csproj", "{84DF6CF8-7C7E-41D0-8E21-EF7EC1B82FB7}"
EndProject
Global
	GlobalSection(SolutionConfigurationPlatforms) = preSolution
		Debug|Any CPU = Debug|Any CPU
		Release|Any CPU = Release|Any CPU
	EndGlobalSection
	GlobalSection(ProjectConfigurationPlatforms) = postSolution
		{84DF6CF8-7C7E-41D0-8E21-EF7EC1B82FB7}.Debug|Any CPU.ActiveCfg = Debug|Any CPU
		{84DF6CF8-7C7E-41D0-8E21-EF7EC1B82FB7}.Debug|Any CPU.Build.0 = Debug|Any CPU
		{84DF6CF8-7C7E-41D0-8E21-EF7EC1B82FB7}.Release|Any CPU.ActiveCfg = Release|Any CPU
		{84DF6CF8-7C7E-41D0-8E21-EF7EC1B82FB7}.Release|Any CPU.Build.0 = Release|Any CPU
	EndGlobalSection
	GlobalSection(SolutionProperties) = preSolution
		HideSolutionNode = FALSE
	EndGlobalSection
	GlobalSection(ExtensibilityGlobals) = postSolution
		SolutionGuid = {C68E83F8-4A35-4A9A-AC7F-F53FB0D988DA}
	EndGlobalSection
EndGlobal
