
Microsoft Visual Studio Solution File, Format Version 12.00
# Visual Studio Version 17
VisualStudioVersion = 17.7.34003.232
MinimumVisualStudioVersion = 10.0.40219.1
Project("{FAE04EC0-301F-11D3-BF4B-00C04F79EFBC}") = "CrudCarros", "CrudCarros\CrudCarros.csproj", "{D90899BB-63CA-40EB-8672-C30F33716FDC}"
EndProject
Global
	GlobalSection(SolutionConfigurationPlatforms) = preSolution
		Debug|Any CPU = Debug|Any CPU
		Release|Any CPU = Release|Any CPU
	EndGlobalSection
	GlobalSection(ProjectConfigurationPlatforms) = postSolution
		{D90899BB-63CA-40EB-8672-C30F33716FDC}.Debug|Any CPU.ActiveCfg = Debug|Any CPU
		{D90899BB-63CA-40EB-8672-C30F33716FDC}.Debug|Any CPU.Build.0 = Debug|Any CPU
		{D90899BB-63CA-40EB-8672-C30F33716FDC}.Release|Any CPU.ActiveCfg = Release|Any CPU
		{D90899BB-63CA-40EB-8672-C30F33716FDC}.Release|Any CPU.Build.0 = Release|Any CPU
	EndGlobalSection
	GlobalSection(SolutionProperties) = preSolution
		HideSolutionNode = FALSE
	EndGlobalSection
	GlobalSection(ExtensibilityGlobals) = postSolution
		SolutionGuid = {D16F3646-4D65-4D77-91CF-7FCA1FEA19F0}
	EndGlobalSection
EndGlobal
