
Microsoft Visual Studio Solution File, Format Version 12.00
# Visual Studio Version 17
VisualStudioVersion = 17.7.34003.232
MinimumVisualStudioVersion = 10.0.40219.1
Project("{FAE04EC0-301F-11D3-BF4B-00C04F79EFBC}") = "Retangulo03", "Retangulo03\Retangulo03.csproj", "{8C8121E2-33A2-47A3-92A2-3AD5252C7A1D}"
EndProject
Global
	GlobalSection(SolutionConfigurationPlatforms) = preSolution
		Debug|Any CPU = Debug|Any CPU
		Release|Any CPU = Release|Any CPU
	EndGlobalSection
	GlobalSection(ProjectConfigurationPlatforms) = postSolution
		{8C8121E2-33A2-47A3-92A2-3AD5252C7A1D}.Debug|Any CPU.ActiveCfg = Debug|Any CPU
		{8C8121E2-33A2-47A3-92A2-3AD5252C7A1D}.Debug|Any CPU.Build.0 = Debug|Any CPU
		{8C8121E2-33A2-47A3-92A2-3AD5252C7A1D}.Release|Any CPU.ActiveCfg = Release|Any CPU
		{8C8121E2-33A2-47A3-92A2-3AD5252C7A1D}.Release|Any CPU.Build.0 = Release|Any CPU
	EndGlobalSection
	GlobalSection(SolutionProperties) = preSolution
		HideSolutionNode = FALSE
	EndGlobalSection
	GlobalSection(ExtensibilityGlobals) = postSolution
		SolutionGuid = {E508622A-6BEB-4902-B5F6-54A6AE10438D}
	EndGlobalSection
EndGlobal
