
Microsoft Visual Studio Solution File, Format Version 12.00
# Visual Studio Version 17
VisualStudioVersion = 17.7.34003.232
MinimumVisualStudioVersion = 10.0.40219.1
Project("{FAE04EC0-301F-11D3-BF4B-00C04F79EFBC}") = "CarroExercicio1", "CarroExercicio1\CarroExercicio1.csproj", "{5893D972-DA89-46EE-9B28-1CB8EB5BCC36}"
EndProject
Global
	GlobalSection(SolutionConfigurationPlatforms) = preSolution
		Debug|Any CPU = Debug|Any CPU
		Release|Any CPU = Release|Any CPU
	EndGlobalSection
	GlobalSection(ProjectConfigurationPlatforms) = postSolution
		{5893D972-DA89-46EE-9B28-1CB8EB5BCC36}.Debug|Any CPU.ActiveCfg = Debug|Any CPU
		{5893D972-DA89-46EE-9B28-1CB8EB5BCC36}.Debug|Any CPU.Build.0 = Debug|Any CPU
		{5893D972-DA89-46EE-9B28-1CB8EB5BCC36}.Release|Any CPU.ActiveCfg = Release|Any CPU
		{5893D972-DA89-46EE-9B28-1CB8EB5BCC36}.Release|Any CPU.Build.0 = Release|Any CPU
	EndGlobalSection
	GlobalSection(SolutionProperties) = preSolution
		HideSolutionNode = FALSE
	EndGlobalSection
	GlobalSection(ExtensibilityGlobals) = postSolution
		SolutionGuid = {C8370E1C-719F-4F40-B0A4-A5870242D7E9}
	EndGlobalSection
EndGlobal
