
Microsoft Visual Studio Solution File, Format Version 12.00
# Visual Studio Version 17
VisualStudioVersion = 17.7.34003.232
MinimumVisualStudioVersion = 10.0.40219.1
Project("{FAE04EC0-301F-11D3-BF4B-00C04F79EFBC}") = "CalculadoraExercio02", "CalculadoraExercio02\CalculadoraExercio02.csproj", "{22E59D90-97FC-4617-8DED-BA39B09E9F54}"
EndProject
Global
	GlobalSection(SolutionConfigurationPlatforms) = preSolution
		Debug|Any CPU = Debug|Any CPU
		Release|Any CPU = Release|Any CPU
	EndGlobalSection
	GlobalSection(ProjectConfigurationPlatforms) = postSolution
		{22E59D90-97FC-4617-8DED-BA39B09E9F54}.Debug|Any CPU.ActiveCfg = Debug|Any CPU
		{22E59D90-97FC-4617-8DED-BA39B09E9F54}.Debug|Any CPU.Build.0 = Debug|Any CPU
		{22E59D90-97FC-4617-8DED-BA39B09E9F54}.Release|Any CPU.ActiveCfg = Release|Any CPU
		{22E59D90-97FC-4617-8DED-BA39B09E9F54}.Release|Any CPU.Build.0 = Release|Any CPU
	EndGlobalSection
	GlobalSection(SolutionProperties) = preSolution
		HideSolutionNode = FALSE
	EndGlobalSection
	GlobalSection(ExtensibilityGlobals) = postSolution
		SolutionGuid = {F6D36793-46F7-4F94-B27B-3760803795F1}
	EndGlobalSection
EndGlobal
