
Microsoft Visual Studio Solution File, Format Version 12.00
# Visual Studio Version 17
VisualStudioVersion = 17.7.34003.232
MinimumVisualStudioVersion = 10.0.40219.1
Project("{FAE04EC0-301F-11D3-BF4B-00C04F79EFBC}") = "ArquivoTxt", "ArquivoTxt\ArquivoTxt.csproj", "{1413C79E-F7E2-412F-BE25-71E0EF3ECA01}"
EndProject
Global
	GlobalSection(SolutionConfigurationPlatforms) = preSolution
		Debug|Any CPU = Debug|Any CPU
		Release|Any CPU = Release|Any CPU
	EndGlobalSection
	GlobalSection(ProjectConfigurationPlatforms) = postSolution
		{1413C79E-F7E2-412F-BE25-71E0EF3ECA01}.Debug|Any CPU.ActiveCfg = Debug|Any CPU
		{1413C79E-F7E2-412F-BE25-71E0EF3ECA01}.Debug|Any CPU.Build.0 = Debug|Any CPU
		{1413C79E-F7E2-412F-BE25-71E0EF3ECA01}.Release|Any CPU.ActiveCfg = Release|Any CPU
		{1413C79E-F7E2-412F-BE25-71E0EF3ECA01}.Release|Any CPU.Build.0 = Release|Any CPU
	EndGlobalSection
	GlobalSection(SolutionProperties) = preSolution
		HideSolutionNode = FALSE
	EndGlobalSection
	GlobalSection(ExtensibilityGlobals) = postSolution
		SolutionGuid = {055C65D3-3104-46C3-9149-C567A04C8655}
	EndGlobalSection
EndGlobal
